
Microsoft Visual Studio Solution File, Format Version 12.00
# Visual Studio 15
VisualStudioVersion = 15.0.26730.16
MinimumVisualStudioVersion = 10.0.40219.1
Project("{9A19103F-16F7-4668-BE54-9A1E7A4F7556}") = "itechub.Saas.fin.ui", "itechub.Saas.fin.ui\itechub.Saas.fin.ui.csproj", "{8E92CCBC-CD47-4FED-843C-A24E0CB76148}"
EndProject
Project("{9A19103F-16F7-4668-BE54-9A1E7A4F7556}") = "ittechub.Saas.IDP", "ittechub.Saas.IDP\ittechub.Saas.IDP.csproj", "{1FCF5505-4DA4-4540-9D42-02551EA58B43}"
EndProject
Project("{FAE04EC0-301F-11D3-BF4B-00C04F79EFBC}") = "ittech.testsite", "ittech.testsite\ittech.testsite.csproj", "{1A1E3CAF-DCBF-4744-A52D-5976478AA871}"
EndProject
Global
	GlobalSection(SolutionConfigurationPlatforms) = preSolution
		Debug|Any CPU = Debug|Any CPU
		Release|Any CPU = Release|Any CPU
	EndGlobalSection
	GlobalSection(ProjectConfigurationPlatforms) = postSolution
		{8E92CCBC-CD47-4FED-843C-A24E0CB76148}.Debug|Any CPU.ActiveCfg = Debug|Any CPU
		{8E92CCBC-CD47-4FED-843C-A24E0CB76148}.Debug|Any CPU.Build.0 = Debug|Any CPU
		{8E92CCBC-CD47-4FED-843C-A24E0CB76148}.Release|Any CPU.ActiveCfg = Release|Any CPU
		{8E92CCBC-CD47-4FED-843C-A24E0CB76148}.Release|Any CPU.Build.0 = Release|Any CPU
		{1FCF5505-4DA4-4540-9D42-02551EA58B43}.Debug|Any CPU.ActiveCfg = Debug|Any CPU
		{1FCF5505-4DA4-4540-9D42-02551EA58B43}.Debug|Any CPU.Build.0 = Debug|Any CPU
		{1FCF5505-4DA4-4540-9D42-02551EA58B43}.Release|Any CPU.ActiveCfg = Release|Any CPU
		{1FCF5505-4DA4-4540-9D42-02551EA58B43}.Release|Any CPU.Build.0 = Release|Any CPU
		{1A1E3CAF-DCBF-4744-A52D-5976478AA871}.Debug|Any CPU.ActiveCfg = Debug|Any CPU
		{1A1E3CAF-DCBF-4744-A52D-5976478AA871}.Debug|Any CPU.Build.0 = Debug|Any CPU
		{1A1E3CAF-DCBF-4744-A52D-5976478AA871}.Release|Any CPU.ActiveCfg = Release|Any CPU
		{1A1E3CAF-DCBF-4744-A52D-5976478AA871}.Release|Any CPU.Build.0 = Release|Any CPU
	EndGlobalSection
	GlobalSection(SolutionProperties) = preSolution
		HideSolutionNode = FALSE
	EndGlobalSection
	GlobalSection(ExtensibilityGlobals) = postSolution
		SolutionGuid = {1B2249C5-127C-4DED-A30E-E4F30A7A3769}
	EndGlobalSection
EndGlobal
